
Microsoft Visual Studio Solution File, Format Version 12.00
# Visual Studio 15
VisualStudioVersion = 15.0.28307.1800
MinimumVisualStudioVersion = 10.0.40219.1
Project("{FAE04EC0-301F-11D3-BF4B-00C04F79EFBC}") = "coba", "coba\coba.csproj", "{56CD6E52-8E71-474C-8CB3-689D0C18D240}"
EndProject
Global
	GlobalSection(SolutionConfigurationPlatforms) = preSolution
		Debug|Any CPU = Debug|Any CPU
		Release|Any CPU = Release|Any CPU
	EndGlobalSection
	GlobalSection(ProjectConfigurationPlatforms) = postSolution
		{56CD6E52-8E71-474C-8CB3-689D0C18D240}.Debug|Any CPU.ActiveCfg = Debug|Any CPU
		{56CD6E52-8E71-474C-8CB3-689D0C18D240}.Debug|Any CPU.Build.0 = Debug|Any CPU
		{56CD6E52-8E71-474C-8CB3-689D0C18D240}.Release|Any CPU.ActiveCfg = Release|Any CPU
		{56CD6E52-8E71-474C-8CB3-689D0C18D240}.Release|Any CPU.Build.0 = Release|Any CPU
	EndGlobalSection
	GlobalSection(SolutionProperties) = preSolution
		HideSolutionNode = FALSE
	EndGlobalSection
	GlobalSection(ExtensibilityGlobals) = postSolution
		SolutionGuid = {DB56DE9B-77D8-48E8-9FD4-E56E7A031C6A}
	EndGlobalSection
EndGlobal
